
Microsoft Visual Studio Solution File, Format Version 12.00
# Visual Studio 15
VisualStudioVersion = 15.0.27130.2027
MinimumVisualStudioVersion = 10.0.40219.1
Project("{FAE04EC0-301F-11D3-BF4B-00C04F79EFBC}") = "Banking", "Banking\Banking.csproj", "{842282DB-3758-41A1-AD90-747365CB22F4}"
EndProject
Global
	GlobalSection(SolutionConfigurationPlatforms) = preSolution
		Debug|Any CPU = Debug|Any CPU
		Release|Any CPU = Release|Any CPU
	EndGlobalSection
	GlobalSection(ProjectConfigurationPlatforms) = postSolution
		{842282DB-3758-41A1-AD90-747365CB22F4}.Debug|Any CPU.ActiveCfg = Debug|Any CPU
		{842282DB-3758-41A1-AD90-747365CB22F4}.Debug|Any CPU.Build.0 = Debug|Any CPU
		{842282DB-3758-41A1-AD90-747365CB22F4}.Release|Any CPU.ActiveCfg = Release|Any CPU
		{842282DB-3758-41A1-AD90-747365CB22F4}.Release|Any CPU.Build.0 = Release|Any CPU
	EndGlobalSection
	GlobalSection(SolutionProperties) = preSolution
		HideSolutionNode = FALSE
	EndGlobalSection
	GlobalSection(ExtensibilityGlobals) = postSolution
		SolutionGuid = {8C645119-A470-46A1-AA2A-666B49D9275D}
	EndGlobalSection
EndGlobal
